<?xml version="1.0" encoding="utf-8"?>
<Project ToolsVersion="4.0" xmlns="http://schemas.microsoft.com/developer/msbuild/2003">
  <ItemGroup>
    <Filter Include="lib">
      <UniqueIdentifier>{821f193a-3a9e-4fa4-83ce-cda0469076bf}</UniqueIdentifier>
    </Filter>
    <Filter Include="Content">
      <UniqueIdentifier>{38ca5b20-7637-48a5-9e0e-4f789e751c13}</UniqueIdentifier>
    </Filter>
    <Filter Include="Main">
      <UniqueIdentifier>{bbe49c1d-5523-4881-8c05-3db6c3b2a5ce}</UniqueIdentifier>
    </Filter>
    <Filter Include="lib\Network">
      <UniqueIdentifier>{0aec2689-6936-44d7-9a6d-ea2d80fd530e}</UniqueIdentifier>
    </Filter>
    <Filter Include="lib\ControlScript">
      <UniqueIdentifier>{17f38e9b-6c5c-49e2-8888-df4aa81684e3}</UniqueIdentifier>
    </Filter>
    <Filter Include="Action">
      <UniqueIdentifier>{074c8094-a80a-4152-b3b8-a1b927da538d}</UniqueIdentifier>
    </Filter>
  </ItemGroup>
  <ItemGroup>
    <ClCompile Include="Main.cpp">
      <Filter>Main</Filter>
    </ClCompile>
    <ClCompile Include="pch.cpp" />
    <ClCompile Include="ControlState.cpp">
      <Filter>lib\ControlScript</Filter>
    </ClCompile>
    <ClCompile Include="BotControlState.cpp">
      <Filter>lib\ControlScript</Filter>
    </ClCompile>
    <ClCompile Include="BotController.cpp">
      <Filter>lib\ControlScript</Filter>
    </ClCompile>
    <ClCompile Include="BotControllAction.cpp" />
  </ItemGroup>
  <ItemGroup>
    <ClInclude Include="pch.h" />
    <ClInclude Include="ControlState.h">
      <Filter>lib\ControlScript</Filter>
    </ClInclude>
    <ClInclude Include="Main.h">
      <Filter>Main</Filter>
    </ClInclude>
    <ClInclude Include="Define.h">
      <Filter>lib</Filter>
    </ClInclude>
    <ClInclude Include="BotControlState.h">
      <Filter>lib\ControlScript</Filter>
    </ClInclude>
    <ClInclude Include="BotController.h">
      <Filter>lib\ControlScript</Filter>
    </ClInclude>
    <ClInclude Include="BotControllAction.h" />
  </ItemGroup>
</Project>