<?xml version="1.0" encoding="utf-8"?>
<Project ToolsVersion="4.0" xmlns="http://schemas.microsoft.com/developer/msbuild/2003">
  <ItemGroup>
    <ClInclude Include="CommonProtocol.h" />
    <ClInclude Include="CorePch.h" />
    <ClInclude Include="Define.h" />
    <ClInclude Include="pch.h" />
    <ClInclude Include="RingBuffer.h" />
    <ClInclude Include="SerializingBuffer.h" />
    <ClInclude Include="SMClient.h" />
    <ClInclude Include="Queue.hpp" />
    <ClInclude Include="Stack.hpp" />
    <ClInclude Include="CCrashDump.h">
      <Filter>util</Filter>
    </ClInclude>
    <ClInclude Include="CLogger.h">
      <Filter>util</Filter>
    </ClInclude>
    <ClInclude Include="CClient.h">
      <Filter>Client</Filter>
    </ClInclude>
    <ClInclude Include="CParser.h">
      <Filter>util</Filter>
    </ClInclude>
    <ClInclude Include="DBConnectionPool.h">
      <Filter>util</Filter>
    </ClInclude>
    <ClInclude Include="DBConnection.h">
      <Filter>util</Filter>
    </ClInclude>
    <ClInclude Include="HardWareMoniter.h">
      <Filter>util</Filter>
    </ClInclude>
    <ClInclude Include="LFStack.hpp">
      <Filter>util</Filter>
    </ClInclude>
    <ClInclude Include="LFQueue.hpp">
      <Filter>util</Filter>
    </ClInclude>
    <ClInclude Include="CThread.h">
      <Filter>util</Filter>
    </ClInclude>
    <ClInclude Include="MemProfiler.h">
      <Filter>util</Filter>
    </ClInclude>
    <ClInclude Include="ObjectPool.hpp">
      <Filter>util</Filter>
    </ClInclude>
    <ClInclude Include="ObjectPool_TLS.hpp">
      <Filter>util</Filter>
    </ClInclude>
    <ClInclude Include="Profiler.h">
      <Filter>util</Filter>
    </ClInclude>
    <ClInclude Include="ProcessMoniter.h">
      <Filter>util</Filter>
    </ClInclude>
    <ClInclude Include="CServer.h">
      <Filter>Server</Filter>
    </ClInclude>
    <ClInclude Include="Session.h">
      <Filter>Server</Filter>
    </ClInclude>
  </ItemGroup>
  <ItemGroup>
    <ClCompile Include="CorePch.cpp" />
    <ClCompile Include="pch.cpp" />
    <ClCompile Include="RingBuffer.cpp" />
    <ClCompile Include="SerializingBuffer.cpp" />
    <ClCompile Include="SMClient.cpp" />
    <ClCompile Include="CCrashDump.cpp">
      <Filter>util</Filter>
    </ClCompile>
    <ClCompile Include="CLogger.cpp">
      <Filter>util</Filter>
    </ClCompile>
    <ClCompile Include="CClient.cpp">
      <Filter>Client</Filter>
    </ClCompile>
    <ClCompile Include="CParser.cpp">
      <Filter>util</Filter>
    </ClCompile>
    <ClCompile Include="DBConnection.cpp">
      <Filter>util</Filter>
    </ClCompile>
    <ClCompile Include="DBConnectionPool.cpp">
      <Filter>util</Filter>
    </ClCompile>
    <ClCompile Include="HardWareMoniter.cpp">
      <Filter>util</Filter>
    </ClCompile>
    <ClCompile Include="CThread.cpp">
      <Filter>util</Filter>
    </ClCompile>
    <ClCompile Include="MemProfiler.cpp">
      <Filter>util</Filter>
    </ClCompile>
    <ClCompile Include="Profiler.cpp">
      <Filter>util</Filter>
    </ClCompile>
    <ClCompile Include="ProcessMoniter.cpp">
      <Filter>util</Filter>
    </ClCompile>
    <ClCompile Include="CServer.cpp">
      <Filter>Server</Filter>
    </ClCompile>
  </ItemGroup>
  <ItemGroup>
    <Filter Include="util">
      <UniqueIdentifier>{a9e91330-3410-44d0-a16c-a1c20f6a73e2}</UniqueIdentifier>
    </Filter>
    <Filter Include="Client">
      <UniqueIdentifier>{f889cda0-6cde-40f0-80bc-1976503ec8f6}</UniqueIdentifier>
    </Filter>
    <Filter Include="Server">
      <UniqueIdentifier>{f7ecbfe2-c76c-4312-a552-f1fe4e30bc14}</UniqueIdentifier>
    </Filter>
  </ItemGroup>
</Project>